{
  "version": 4,
  "terraform_version": "1.13.5",
  "serial": 23,
  "lineage": "3c0215b0-93fc-d61c-d8b5-c3e3cb41c2ef",
  "outputs": {},
  "resources": [
    {
      "mode": "managed",
      "type": "proxmox_virtual_environment_container",
      "name": "lxc",
      "provider": "provider[\"registry.terraform.io/bpg/proxmox\"]",
      "instances": [
        {
          "index_key": "app1",
          "schema_version": 0,
          "attributes": {
            "clone": [],
            "console": [],
            "cpu": [
              {
                "architecture": "amd64",
                "cores": 2,
                "units": 1024
              }
            ],
            "description": "Managed by Terraform\n",
            "device_passthrough": [],
            "disk": [
              {
                "acl": false,
                "datastore_id": "local-lvm",
                "mount_options": [],
                "quota": false,
                "replicate": false,
                "size": 20
              }
            ],
            "features": [
              {
                "fuse": false,
                "keyctl": false,
                "mount": [],
                "nesting": true
              }
            ],
            "hook_script_file_id": null,
            "id": "241003",
            "initialization": [
              {
                "dns": [
                  {
                    "domain": "techlab.local",
                    "server": "",
                    "servers": []
                  }
                ],
                "hostname": "app1",
                "ip_config": [
                  {
                    "ipv4": [
                      {
                        "address": "10.0.0.93/24",
                        "gateway": "10.0.0.1"
                      }
                    ],
                    "ipv6": []
                  }
                ],
                "user_account": [
                  {
                    "keys": [
                      "ssh-rsa AAAAB3NzaC1yc2EAAAADAQABAAABgQDjc0eAMDdMf0wkB2bN0FD5gso7yaLpA3FkntMC4sd2670c5q6HfqMNjryGSaEpr+3CqIdfe5WyrDiM0acZbfieIq95YVUFi1ptkGOGR+fHjA73uOYOf2ZKSxXnf9f3ARu5E8K7F4Hd5ePUlVhEXpEVJ8/xXPLz4/miD1hB7bGJL7eLMwGYO3dJFcFSaSmOQl8ma8QiU4pPn66MiR/ew5yvnanMKyFrZaj7YcMDRiCZqUg8ZePAENhjv0it3n9/Wyciujfg+ab+SNnSu2P74E7hP8ShSCR6lzNIa0YyGgxIJ42iW2OyFSTZkKONjOygki82E0aGmP0wgdm+R8foSCC92SU7eiewxSmYu/M+AKb3G3F9VUg29tQjp/ryr8G3wNc3Hbo17XLkMQGPfJ5VBhgcAWAGIihwROM/lexanXOAw63pjKIxZh7NFRV1xRpD3mEnmhC0RBEgxlng8292LXY+AYZLs7m359xOkwLFQIVyntgUcko9rERdc3KfUf4IL6c= ansible@pyroth.techlab.local"
                    ],
                    "password": "cyberjo"
                  }
                ]
              }
            ],
            "ipv4": {
              "vmbr0": "10.0.0.93"
            },
            "ipv6": {
              "vmbr0": "fe80::be24:11ff:fef4:434c"
            },
            "memory": [
              {
                "dedicated": 1024,
                "swap": 0
              }
            ],
            "mount_point": [],
            "network_interface": [
              {
                "bridge": "vmbr0",
                "enabled": true,
                "firewall": false,
                "mac_address": "BC:24:11:F4:43:4C",
                "mtu": 0,
                "name": "vmbr0",
                "rate_limit": 10,
                "vlan_id": 0
              }
            ],
            "node_name": "pmox2",
            "operating_system": [
              {
                "template_file_id": "local:vztmpl/debian-12-standard_12.2-1_amd64.tar.zst",
                "type": "debian"
              }
            ],
            "pool_id": null,
            "protection": false,
            "start_on_boot": true,
            "started": true,
            "startup": [],
            "tags": [
              "lxc",
              "terraform"
            ],
            "template": false,
            "timeout_clone": 1800,
            "timeout_create": 1800,
            "timeout_delete": 60,
            "timeout_start": 300,
            "timeout_update": 1800,
            "unprivileged": true,
            "vm_id": 241003
          },
          "sensitive_attributes": [
            [
              {
                "type": "get_attr",
                "value": "initialization"
              },
              {
                "type": "index",
                "value": {
                  "value": 0,
                  "type": "number"
                }
              },
              {
                "type": "get_attr",
                "value": "user_account"
              },
              {
                "type": "index",
                "value": {
                  "value": 0,
                  "type": "number"
                }
              },
              {
                "type": "get_attr",
                "value": "password"
              }
            ]
          ],
          "identity_schema_version": 0,
          "private": "bnVsbA==",
          "dependencies": [
            "proxmox_virtual_environment_file.debian_template"
          ]
        },
        {
          "index_key": "app2",
          "schema_version": 0,
          "attributes": {
            "clone": [],
            "console": [],
            "cpu": [
              {
                "architecture": "amd64",
                "cores": 2,
                "units": 1024
              }
            ],
            "description": "Managed by Terraform\n",
            "device_passthrough": [],
            "disk": [
              {
                "acl": false,
                "datastore_id": "local-lvm",
                "mount_options": [],
                "quota": false,
                "replicate": false,
                "size": 20
              }
            ],
            "features": [
              {
                "fuse": false,
                "keyctl": false,
                "mount": [],
                "nesting": true
              }
            ],
            "hook_script_file_id": null,
            "id": "241004",
            "initialization": [
              {
                "dns": [
                  {
                    "domain": "techlab.local",
                    "server": "",
                    "servers": []
                  }
                ],
                "hostname": "app2",
                "ip_config": [
                  {
                    "ipv4": [
                      {
                        "address": "10.0.0.94/24",
                        "gateway": "10.0.0.1"
                      }
                    ],
                    "ipv6": []
                  }
                ],
                "user_account": [
                  {
                    "keys": [
                      "ssh-rsa AAAAB3NzaC1yc2EAAAADAQABAAABgQDjc0eAMDdMf0wkB2bN0FD5gso7yaLpA3FkntMC4sd2670c5q6HfqMNjryGSaEpr+3CqIdfe5WyrDiM0acZbfieIq95YVUFi1ptkGOGR+fHjA73uOYOf2ZKSxXnf9f3ARu5E8K7F4Hd5ePUlVhEXpEVJ8/xXPLz4/miD1hB7bGJL7eLMwGYO3dJFcFSaSmOQl8ma8QiU4pPn66MiR/ew5yvnanMKyFrZaj7YcMDRiCZqUg8ZePAENhjv0it3n9/Wyciujfg+ab+SNnSu2P74E7hP8ShSCR6lzNIa0YyGgxIJ42iW2OyFSTZkKONjOygki82E0aGmP0wgdm+R8foSCC92SU7eiewxSmYu/M+AKb3G3F9VUg29tQjp/ryr8G3wNc3Hbo17XLkMQGPfJ5VBhgcAWAGIihwROM/lexanXOAw63pjKIxZh7NFRV1xRpD3mEnmhC0RBEgxlng8292LXY+AYZLs7m359xOkwLFQIVyntgUcko9rERdc3KfUf4IL6c= ansible@pyroth.techlab.local"
                    ],
                    "password": "cyberjo"
                  }
                ]
              }
            ],
            "ipv4": {
              "vmbr0": "10.0.0.94"
            },
            "ipv6": {
              "vmbr0": "fe80::be24:11ff:fee9:4e39"
            },
            "memory": [
              {
                "dedicated": 1024,
                "swap": 0
              }
            ],
            "mount_point": [],
            "network_interface": [
              {
                "bridge": "vmbr0",
                "enabled": true,
                "firewall": false,
                "mac_address": "BC:24:11:E9:4E:39",
                "mtu": 0,
                "name": "vmbr0",
                "rate_limit": 10,
                "vlan_id": 0
              }
            ],
            "node_name": "pmox2",
            "operating_system": [
              {
                "template_file_id": "local:vztmpl/debian-12-standard_12.2-1_amd64.tar.zst",
                "type": "debian"
              }
            ],
            "pool_id": null,
            "protection": false,
            "start_on_boot": true,
            "started": true,
            "startup": [],
            "tags": [
              "lxc",
              "terraform"
            ],
            "template": false,
            "timeout_clone": 1800,
            "timeout_create": 1800,
            "timeout_delete": 60,
            "timeout_start": 300,
            "timeout_update": 1800,
            "unprivileged": true,
            "vm_id": 241004
          },
          "sensitive_attributes": [
            [
              {
                "type": "get_attr",
                "value": "initialization"
              },
              {
                "type": "index",
                "value": {
                  "value": 0,
                  "type": "number"
                }
              },
              {
                "type": "get_attr",
                "value": "user_account"
              },
              {
                "type": "index",
                "value": {
                  "value": 0,
                  "type": "number"
                }
              },
              {
                "type": "get_attr",
                "value": "password"
              }
            ]
          ],
          "identity_schema_version": 0,
          "private": "bnVsbA==",
          "dependencies": [
            "proxmox_virtual_environment_file.debian_template"
          ]
        },
        {
          "index_key": "db1",
          "schema_version": 0,
          "attributes": {
            "clone": [],
            "console": [],
            "cpu": [
              {
                "architecture": "amd64",
                "cores": 4,
                "units": 1024
              }
            ],
            "description": "Managed by Terraform\n",
            "device_passthrough": [],
            "disk": [
              {
                "acl": false,
                "datastore_id": "local-lvm",
                "mount_options": [],
                "quota": false,
                "replicate": false,
                "size": 40
              }
            ],
            "features": [
              {
                "fuse": false,
                "keyctl": false,
                "mount": [],
                "nesting": true
              }
            ],
            "hook_script_file_id": null,
            "id": "241005",
            "initialization": [
              {
                "dns": [
                  {
                    "domain": "techlab.local",
                    "server": "",
                    "servers": []
                  }
                ],
                "hostname": "db1",
                "ip_config": [
                  {
                    "ipv4": [
                      {
                        "address": "10.0.0.95/24",
                        "gateway": "10.0.0.1"
                      }
                    ],
                    "ipv6": []
                  }
                ],
                "user_account": [
                  {
                    "keys": [
                      "ssh-rsa AAAAB3NzaC1yc2EAAAADAQABAAABgQDjc0eAMDdMf0wkB2bN0FD5gso7yaLpA3FkntMC4sd2670c5q6HfqMNjryGSaEpr+3CqIdfe5WyrDiM0acZbfieIq95YVUFi1ptkGOGR+fHjA73uOYOf2ZKSxXnf9f3ARu5E8K7F4Hd5ePUlVhEXpEVJ8/xXPLz4/miD1hB7bGJL7eLMwGYO3dJFcFSaSmOQl8ma8QiU4pPn66MiR/ew5yvnanMKyFrZaj7YcMDRiCZqUg8ZePAENhjv0it3n9/Wyciujfg+ab+SNnSu2P74E7hP8ShSCR6lzNIa0YyGgxIJ42iW2OyFSTZkKONjOygki82E0aGmP0wgdm+R8foSCC92SU7eiewxSmYu/M+AKb3G3F9VUg29tQjp/ryr8G3wNc3Hbo17XLkMQGPfJ5VBhgcAWAGIihwROM/lexanXOAw63pjKIxZh7NFRV1xRpD3mEnmhC0RBEgxlng8292LXY+AYZLs7m359xOkwLFQIVyntgUcko9rERdc3KfUf4IL6c= ansible@pyroth.techlab.local"
                    ],
                    "password": "cyberjo"
                  }
                ]
              }
            ],
            "ipv4": {
              "vmbr0": "10.0.0.95"
            },
            "ipv6": {
              "vmbr0": "fe80::be24:11ff:fefc:7d03"
            },
            "memory": [
              {
                "dedicated": 1024,
                "swap": 0
              }
            ],
            "mount_point": [],
            "network_interface": [
              {
                "bridge": "vmbr0",
                "enabled": true,
                "firewall": false,
                "mac_address": "BC:24:11:FC:7D:03",
                "mtu": 0,
                "name": "vmbr0",
                "rate_limit": 10,
                "vlan_id": 0
              }
            ],
            "node_name": "pmox2",
            "operating_system": [
              {
                "template_file_id": "local:vztmpl/debian-12-standard_12.2-1_amd64.tar.zst",
                "type": "debian"
              }
            ],
            "pool_id": null,
            "protection": false,
            "start_on_boot": true,
            "started": true,
            "startup": [],
            "tags": [
              "lxc",
              "terraform"
            ],
            "template": false,
            "timeout_clone": 1800,
            "timeout_create": 1800,
            "timeout_delete": 60,
            "timeout_start": 300,
            "timeout_update": 1800,
            "unprivileged": true,
            "vm_id": 241005
          },
          "sensitive_attributes": [
            [
              {
                "type": "get_attr",
                "value": "initialization"
              },
              {
                "type": "index",
                "value": {
                  "value": 0,
                  "type": "number"
                }
              },
              {
                "type": "get_attr",
                "value": "user_account"
              },
              {
                "type": "index",
                "value": {
                  "value": 0,
                  "type": "number"
                }
              },
              {
                "type": "get_attr",
                "value": "password"
              }
            ]
          ],
          "identity_schema_version": 0,
          "private": "bnVsbA==",
          "dependencies": [
            "proxmox_virtual_environment_file.debian_template"
          ]
        },
        {
          "index_key": "web1",
          "schema_version": 0,
          "attributes": {
            "clone": [],
            "console": [],
            "cpu": [
              {
                "architecture": "amd64",
                "cores": 2,
                "units": 1024
              }
            ],
            "description": "Managed by Terraform\n",
            "device_passthrough": [],
            "disk": [
              {
                "acl": false,
                "datastore_id": "local-lvm",
                "mount_options": null,
                "quota": false,
                "replicate": false,
                "size": 15
              }
            ],
            "features": [
              {
                "fuse": false,
                "keyctl": false,
                "mount": null,
                "nesting": true
              }
            ],
            "hook_script_file_id": null,
            "id": "241001",
            "initialization": [
              {
                "dns": [
                  {
                    "domain": "techlab.local",
                    "server": "",
                    "servers": null
                  }
                ],
                "hostname": "web1",
                "ip_config": [
                  {
                    "ipv4": [
                      {
                        "address": "10.0.0.91/24",
                        "gateway": "10.0.0.1"
                      }
                    ],
                    "ipv6": []
                  }
                ],
                "user_account": [
                  {
                    "keys": [
                      "ssh-rsa AAAAB3NzaC1yc2EAAAADAQABAAABgQDjc0eAMDdMf0wkB2bN0FD5gso7yaLpA3FkntMC4sd2670c5q6HfqMNjryGSaEpr+3CqIdfe5WyrDiM0acZbfieIq95YVUFi1ptkGOGR+fHjA73uOYOf2ZKSxXnf9f3ARu5E8K7F4Hd5ePUlVhEXpEVJ8/xXPLz4/miD1hB7bGJL7eLMwGYO3dJFcFSaSmOQl8ma8QiU4pPn66MiR/ew5yvnanMKyFrZaj7YcMDRiCZqUg8ZePAENhjv0it3n9/Wyciujfg+ab+SNnSu2P74E7hP8ShSCR6lzNIa0YyGgxIJ42iW2OyFSTZkKONjOygki82E0aGmP0wgdm+R8foSCC92SU7eiewxSmYu/M+AKb3G3F9VUg29tQjp/ryr8G3wNc3Hbo17XLkMQGPfJ5VBhgcAWAGIihwROM/lexanXOAw63pjKIxZh7NFRV1xRpD3mEnmhC0RBEgxlng8292LXY+AYZLs7m359xOkwLFQIVyntgUcko9rERdc3KfUf4IL6c= ansible@pyroth.techlab.local"
                    ],
                    "password": "cyberjo"
                  }
                ]
              }
            ],
            "ipv4": {
              "vmbr0": "10.0.0.91"
            },
            "ipv6": {
              "vmbr0": "fe80::be24:11ff:feca:2ea1"
            },
            "memory": [
              {
                "dedicated": 1024,
                "swap": 0
              }
            ],
            "mount_point": [],
            "network_interface": [
              {
                "bridge": "vmbr0",
                "enabled": true,
                "firewall": false,
                "mac_address": "BC:24:11:CA:2E:A1",
                "mtu": 0,
                "name": "vmbr0",
                "rate_limit": 10,
                "vlan_id": 0
              }
            ],
            "node_name": "pmox2",
            "operating_system": [
              {
                "template_file_id": "local:vztmpl/debian-12-standard_12.2-1_amd64.tar.zst",
                "type": "debian"
              }
            ],
            "pool_id": null,
            "protection": false,
            "start_on_boot": true,
            "started": true,
            "startup": [],
            "tags": [
              "lxc",
              "terraform"
            ],
            "template": false,
            "timeout_clone": 1800,
            "timeout_create": 1800,
            "timeout_delete": 60,
            "timeout_start": 300,
            "timeout_update": 1800,
            "unprivileged": true,
            "vm_id": 241001
          },
          "sensitive_attributes": [
            [
              {
                "type": "get_attr",
                "value": "initialization"
              },
              {
                "type": "index",
                "value": {
                  "value": 0,
                  "type": "number"
                }
              },
              {
                "type": "get_attr",
                "value": "user_account"
              },
              {
                "type": "index",
                "value": {
                  "value": 0,
                  "type": "number"
                }
              },
              {
                "type": "get_attr",
                "value": "password"
              }
            ]
          ],
          "identity_schema_version": 0,
          "private": "bnVsbA==",
          "dependencies": [
            "proxmox_virtual_environment_file.debian_template"
          ]
        },
        {
          "index_key": "web2",
          "schema_version": 0,
          "attributes": {
            "clone": [],
            "console": [],
            "cpu": [
              {
                "architecture": "amd64",
                "cores": 2,
                "units": 1024
              }
            ],
            "description": "Managed by Terraform\n",
            "device_passthrough": [],
            "disk": [
              {
                "acl": false,
                "datastore_id": "local-lvm",
                "mount_options": [],
                "quota": false,
                "replicate": false,
                "size": 15
              }
            ],
            "features": [
              {
                "fuse": false,
                "keyctl": false,
                "mount": [],
                "nesting": true
              }
            ],
            "hook_script_file_id": null,
            "id": "241002",
            "initialization": [
              {
                "dns": [
                  {
                    "domain": "techlab.local",
                    "server": "",
                    "servers": []
                  }
                ],
                "hostname": "web2",
                "ip_config": [
                  {
                    "ipv4": [
                      {
                        "address": "10.0.0.92/24",
                        "gateway": "10.0.0.1"
                      }
                    ],
                    "ipv6": []
                  }
                ],
                "user_account": [
                  {
                    "keys": [
                      "ssh-rsa AAAAB3NzaC1yc2EAAAADAQABAAABgQDjc0eAMDdMf0wkB2bN0FD5gso7yaLpA3FkntMC4sd2670c5q6HfqMNjryGSaEpr+3CqIdfe5WyrDiM0acZbfieIq95YVUFi1ptkGOGR+fHjA73uOYOf2ZKSxXnf9f3ARu5E8K7F4Hd5ePUlVhEXpEVJ8/xXPLz4/miD1hB7bGJL7eLMwGYO3dJFcFSaSmOQl8ma8QiU4pPn66MiR/ew5yvnanMKyFrZaj7YcMDRiCZqUg8ZePAENhjv0it3n9/Wyciujfg+ab+SNnSu2P74E7hP8ShSCR6lzNIa0YyGgxIJ42iW2OyFSTZkKONjOygki82E0aGmP0wgdm+R8foSCC92SU7eiewxSmYu/M+AKb3G3F9VUg29tQjp/ryr8G3wNc3Hbo17XLkMQGPfJ5VBhgcAWAGIihwROM/lexanXOAw63pjKIxZh7NFRV1xRpD3mEnmhC0RBEgxlng8292LXY+AYZLs7m359xOkwLFQIVyntgUcko9rERdc3KfUf4IL6c= ansible@pyroth.techlab.local"
                    ],
                    "password": "cyberjo"
                  }
                ]
              }
            ],
            "ipv4": {
              "vmbr0": "10.0.0.92"
            },
            "ipv6": {
              "vmbr0": "fe80::be24:11ff:fe90:b662"
            },
            "memory": [
              {
                "dedicated": 1024,
                "swap": 0
              }
            ],
            "mount_point": [],
            "network_interface": [
              {
                "bridge": "vmbr0",
                "enabled": true,
                "firewall": false,
                "mac_address": "BC:24:11:90:B6:62",
                "mtu": 0,
                "name": "vmbr0",
                "rate_limit": 10,
                "vlan_id": 0
              }
            ],
            "node_name": "pmox2",
            "operating_system": [
              {
                "template_file_id": "local:vztmpl/debian-12-standard_12.2-1_amd64.tar.zst",
                "type": "debian"
              }
            ],
            "pool_id": null,
            "protection": false,
            "start_on_boot": true,
            "started": true,
            "startup": [],
            "tags": [
              "lxc",
              "terraform"
            ],
            "template": false,
            "timeout_clone": 1800,
            "timeout_create": 1800,
            "timeout_delete": 60,
            "timeout_start": 300,
            "timeout_update": 1800,
            "unprivileged": true,
            "vm_id": 241002
          },
          "sensitive_attributes": [
            [
              {
                "type": "get_attr",
                "value": "initialization"
              },
              {
                "type": "index",
                "value": {
                  "value": 0,
                  "type": "number"
                }
              },
              {
                "type": "get_attr",
                "value": "user_account"
              },
              {
                "type": "index",
                "value": {
                  "value": 0,
                  "type": "number"
                }
              },
              {
                "type": "get_attr",
                "value": "password"
              }
            ]
          ],
          "identity_schema_version": 0,
          "private": "bnVsbA==",
          "dependencies": [
            "proxmox_virtual_environment_file.debian_template"
          ]
        }
      ]
    },
    {
      "mode": "managed",
      "type": "proxmox_virtual_environment_file",
      "name": "debian_template",
      "provider": "provider[\"registry.terraform.io/bpg/proxmox\"]",
      "instances": [
        {
          "schema_version": 0,
          "attributes": {
            "content_type": "vztmpl",
            "datastore_id": "local",
            "file_mode": null,
            "file_modification_date": "2023-10-10T13:54:48Z",
            "file_name": "debian-12-standard_12.2-1_amd64.tar.zst",
            "file_size": 126129049,
            "file_tag": "652557a8-7849399",
            "id": "local:vztmpl/debian-12-standard_12.2-1_amd64.tar.zst",
            "node_name": "pmox2",
            "overwrite": true,
            "source_file": [
              {
                "changed": false,
                "checksum": "",
                "file_name": "",
                "insecure": false,
                "min_tls": "",
                "path": "http://download.proxmox.com/images/system/debian-12-standard_12.2-1_amd64.tar.zst"
              }
            ],
            "source_raw": [],
            "timeout_upload": 1800
          },
          "sensitive_attributes": [],
          "identity_schema_version": 0,
          "private": "bnVsbA=="
        }
      ]
    }
  ],
  "check_results": null
}
