{
  "version": 4,
  "terraform_version": "1.13.5",
  "serial": 126,
  "lineage": "3c0215b0-93fc-d61c-d8b5-c3e3cb41c2ef",
  "outputs": {},
  "resources": [
    {
      "mode": "managed",
      "type": "null_resource",
      "name": "lxc_sshd_config",
      "provider": "provider[\"registry.terraform.io/hashicorp/null\"]",
      "instances": [
        {
          "index_key": "ICARUS",
          "schema_version": 0,
          "attributes": {
            "id": "5445446494269345650",
            "triggers": null
          },
          "sensitive_attributes": [],
          "identity_schema_version": 0,
          "dependencies": [
            "proxmox_virtual_environment_container.lxc",
            "proxmox_virtual_environment_file.debian_template"
          ]
        },
        {
          "index_key": "app1",
          "schema_version": 0,
          "attributes": {
            "id": "4360785907969790673",
            "triggers": null
          },
          "sensitive_attributes": [],
          "identity_schema_version": 0,
          "dependencies": [
            "proxmox_virtual_environment_container.lxc",
            "proxmox_virtual_environment_file.debian_template"
          ]
        },
        {
          "index_key": "app2",
          "schema_version": 0,
          "attributes": {
            "id": "5060891816856391632",
            "triggers": null
          },
          "sensitive_attributes": [],
          "identity_schema_version": 0,
          "dependencies": [
            "proxmox_virtual_environment_container.lxc",
            "proxmox_virtual_environment_file.debian_template"
          ]
        },
        {
          "index_key": "db1",
          "schema_version": 0,
          "attributes": {
            "id": "6589818611449211567",
            "triggers": null
          },
          "sensitive_attributes": [],
          "identity_schema_version": 0,
          "dependencies": [
            "proxmox_virtual_environment_container.lxc",
            "proxmox_virtual_environment_file.debian_template"
          ]
        },
        {
          "index_key": "web1",
          "schema_version": 0,
          "attributes": {
            "id": "5742044698011616496",
            "triggers": null
          },
          "sensitive_attributes": [],
          "identity_schema_version": 0,
          "dependencies": [
            "proxmox_virtual_environment_container.lxc",
            "proxmox_virtual_environment_file.debian_template"
          ]
        },
        {
          "index_key": "web2",
          "schema_version": 0,
          "attributes": {
            "id": "5051925504174247033",
            "triggers": null
          },
          "sensitive_attributes": [],
          "identity_schema_version": 0,
          "dependencies": [
            "proxmox_virtual_environment_container.lxc",
            "proxmox_virtual_environment_file.debian_template"
          ]
        }
      ]
    },
    {
      "mode": "managed",
      "type": "proxmox_virtual_environment_container",
      "name": "lxc",
      "provider": "provider[\"registry.terraform.io/bpg/proxmox\"]",
      "instances": [
        {
          "index_key": "ICARUS",
          "schema_version": 0,
          "attributes": {
            "clone": [],
            "console": [],
            "cpu": [
              {
                "architecture": "amd64",
                "cores": 1,
                "units": 1024
              }
            ],
            "description": "Managed by Terraform\n",
            "device_passthrough": [],
            "disk": [
              {
                "acl": false,
                "datastore_id": "local-lvm",
                "mount_options": [],
                "quota": false,
                "replicate": false,
                "size": 50
              }
            ],
            "features": [
              {
                "fuse": false,
                "keyctl": false,
                "mount": [],
                "nesting": true
              }
            ],
            "hook_script_file_id": null,
            "id": "500",
            "initialization": [
              {
                "dns": [
                  {
                    "domain": "techlab.local",
                    "server": "",
                    "servers": []
                  }
                ],
                "hostname": "icarus.techlab.local",
                "ip_config": [
                  {
                    "ipv4": [
                      {
                        "address": "10.0.0.37/24",
                        "gateway": "10.0.0.1"
                      }
                    ],
                    "ipv6": []
                  }
                ],
                "user_account": [
                  {
                    "keys": [
                      "ssh-rsa AAAAB3NzaC1yc2EAAAADAQABAAABgQCnHo9jf8BR3b33okN2PCKxP2Wo96HS+6Xt8p5/Mw0meZwi/KFhgDRguFB2lrbCoaH27Z1nXdi7wXmjc5A5EyhpOgBjEoo/YF6iOjoxNjGYCjZKNE96YdM40AhC3OAldeCC82uI5H4970qFiAjTHdTbvTMBpHv0eCifUXoN6l0FDqww+o2v7IZJFdwPNxiUXT+KMxC+B3y7tJq4T3ZNicosRi3BgR7diL2f304uINIqt+O105kGFsu0RVvqJLfYvCZrlclLxAdBL362HbCH9IRcccjFo8cr9ifW+fdjWs4WW6JFHkMeU0GrBXa90mzjcK2u1pb2eZsmRNdBh3eE8giLvUHFEKSNSB9phQKFpXnHLmUKoPAdZQGpT6/hzIdiy0uwBf9nBLenADiSaJMoYg0Z+Wc0AZreMi5gvZiElA+PFWHzwbG5FDC3YIWK6jefFwcheoVT2zTR5w/1Ct4XdJeXj8V45RKUOLK65gIL5VqchNux2YahVMjA4zp3AsRMo+8= lxc_nodekey"
                    ],
                    "password": "cyberjo"
                  }
                ]
              }
            ],
            "ipv4": {
              "vmbr0": "10.0.0.37"
            },
            "ipv6": {
              "vmbr0": "fe80::be24:11ff:fe8a:f942"
            },
            "memory": [
              {
                "dedicated": 1024,
                "swap": 0
              }
            ],
            "mount_point": [],
            "network_interface": [
              {
                "bridge": "vmbr0",
                "enabled": true,
                "firewall": false,
                "mac_address": "BC:24:11:8A:F9:42",
                "mtu": 0,
                "name": "vmbr0",
                "rate_limit": 10,
                "vlan_id": 0
              }
            ],
            "node_name": "pmox2",
            "operating_system": [
              {
                "template_file_id": "local:vztmpl/debian-12-standard_12.2-1_amd64.tar.zst",
                "type": "debian"
              }
            ],
            "pool_id": null,
            "protection": false,
            "start_on_boot": true,
            "started": true,
            "startup": [],
            "tags": [
              "lxc",
              "terraform"
            ],
            "template": false,
            "timeout_clone": 1800,
            "timeout_create": 1800,
            "timeout_delete": 60,
            "timeout_start": 300,
            "timeout_update": 1800,
            "unprivileged": true,
            "vm_id": 500,
            "wait_for_ip": []
          },
          "sensitive_attributes": [
            [
              {
                "type": "get_attr",
                "value": "initialization"
              },
              {
                "type": "index",
                "value": {
                  "value": 0,
                  "type": "number"
                }
              },
              {
                "type": "get_attr",
                "value": "user_account"
              },
              {
                "type": "index",
                "value": {
                  "value": 0,
                  "type": "number"
                }
              },
              {
                "type": "get_attr",
                "value": "password"
              }
            ]
          ],
          "identity_schema_version": 0,
          "private": "bnVsbA==",
          "dependencies": [
            "proxmox_virtual_environment_file.debian_template"
          ]
        },
        {
          "index_key": "app1",
          "schema_version": 0,
          "attributes": {
            "clone": [],
            "console": [],
            "cpu": [
              {
                "architecture": "amd64",
                "cores": 2,
                "units": 1024
              }
            ],
            "description": "Managed by Terraform\n",
            "device_passthrough": [],
            "disk": [
              {
                "acl": false,
                "datastore_id": "local-lvm",
                "mount_options": [],
                "quota": false,
                "replicate": false,
                "size": 20
              }
            ],
            "features": [
              {
                "fuse": false,
                "keyctl": false,
                "mount": [],
                "nesting": true
              }
            ],
            "hook_script_file_id": null,
            "id": "241003",
            "initialization": [
              {
                "dns": [
                  {
                    "domain": "techlab.local",
                    "server": "",
                    "servers": []
                  }
                ],
                "hostname": "app1",
                "ip_config": [
                  {
                    "ipv4": [
                      {
                        "address": "10.0.0.93/24",
                        "gateway": "10.0.0.1"
                      }
                    ],
                    "ipv6": []
                  }
                ],
                "user_account": [
                  {
                    "keys": [
                      "ssh-rsa AAAAB3NzaC1yc2EAAAADAQABAAABgQCnHo9jf8BR3b33okN2PCKxP2Wo96HS+6Xt8p5/Mw0meZwi/KFhgDRguFB2lrbCoaH27Z1nXdi7wXmjc5A5EyhpOgBjEoo/YF6iOjoxNjGYCjZKNE96YdM40AhC3OAldeCC82uI5H4970qFiAjTHdTbvTMBpHv0eCifUXoN6l0FDqww+o2v7IZJFdwPNxiUXT+KMxC+B3y7tJq4T3ZNicosRi3BgR7diL2f304uINIqt+O105kGFsu0RVvqJLfYvCZrlclLxAdBL362HbCH9IRcccjFo8cr9ifW+fdjWs4WW6JFHkMeU0GrBXa90mzjcK2u1pb2eZsmRNdBh3eE8giLvUHFEKSNSB9phQKFpXnHLmUKoPAdZQGpT6/hzIdiy0uwBf9nBLenADiSaJMoYg0Z+Wc0AZreMi5gvZiElA+PFWHzwbG5FDC3YIWK6jefFwcheoVT2zTR5w/1Ct4XdJeXj8V45RKUOLK65gIL5VqchNux2YahVMjA4zp3AsRMo+8= lxc_nodekey"
                    ],
                    "password": "cyberjo"
                  }
                ]
              }
            ],
            "ipv4": {
              "vmbr0": "10.0.0.93"
            },
            "ipv6": {
              "vmbr0": "fe80::be24:11ff:feac:4ade"
            },
            "memory": [
              {
                "dedicated": 1024,
                "swap": 0
              }
            ],
            "mount_point": [],
            "network_interface": [
              {
                "bridge": "vmbr0",
                "enabled": true,
                "firewall": false,
                "mac_address": "BC:24:11:AC:4A:DE",
                "mtu": 0,
                "name": "vmbr0",
                "rate_limit": 10,
                "vlan_id": 0
              }
            ],
            "node_name": "pmox2",
            "operating_system": [
              {
                "template_file_id": "local:vztmpl/debian-12-standard_12.2-1_amd64.tar.zst",
                "type": "debian"
              }
            ],
            "pool_id": null,
            "protection": false,
            "start_on_boot": true,
            "started": true,
            "startup": [],
            "tags": [
              "lxc",
              "terraform"
            ],
            "template": false,
            "timeout_clone": 1800,
            "timeout_create": 1800,
            "timeout_delete": 60,
            "timeout_start": 300,
            "timeout_update": 1800,
            "unprivileged": true,
            "vm_id": 241003,
            "wait_for_ip": []
          },
          "sensitive_attributes": [
            [
              {
                "type": "get_attr",
                "value": "initialization"
              },
              {
                "type": "index",
                "value": {
                  "value": 0,
                  "type": "number"
                }
              },
              {
                "type": "get_attr",
                "value": "user_account"
              },
              {
                "type": "index",
                "value": {
                  "value": 0,
                  "type": "number"
                }
              },
              {
                "type": "get_attr",
                "value": "password"
              }
            ]
          ],
          "identity_schema_version": 0,
          "private": "bnVsbA==",
          "dependencies": [
            "proxmox_virtual_environment_file.debian_template"
          ]
        },
        {
          "index_key": "app2",
          "schema_version": 0,
          "attributes": {
            "clone": [],
            "console": [],
            "cpu": [
              {
                "architecture": "amd64",
                "cores": 2,
                "units": 1024
              }
            ],
            "description": "Managed by Terraform\n",
            "device_passthrough": [],
            "disk": [
              {
                "acl": false,
                "datastore_id": "local-lvm",
                "mount_options": [],
                "quota": false,
                "replicate": false,
                "size": 20
              }
            ],
            "features": [
              {
                "fuse": false,
                "keyctl": false,
                "mount": [],
                "nesting": true
              }
            ],
            "hook_script_file_id": null,
            "id": "241004",
            "initialization": [
              {
                "dns": [
                  {
                    "domain": "techlab.local",
                    "server": "",
                    "servers": []
                  }
                ],
                "hostname": "app2",
                "ip_config": [
                  {
                    "ipv4": [
                      {
                        "address": "10.0.0.94/24",
                        "gateway": "10.0.0.1"
                      }
                    ],
                    "ipv6": []
                  }
                ],
                "user_account": [
                  {
                    "keys": [
                      "ssh-rsa AAAAB3NzaC1yc2EAAAADAQABAAABgQCnHo9jf8BR3b33okN2PCKxP2Wo96HS+6Xt8p5/Mw0meZwi/KFhgDRguFB2lrbCoaH27Z1nXdi7wXmjc5A5EyhpOgBjEoo/YF6iOjoxNjGYCjZKNE96YdM40AhC3OAldeCC82uI5H4970qFiAjTHdTbvTMBpHv0eCifUXoN6l0FDqww+o2v7IZJFdwPNxiUXT+KMxC+B3y7tJq4T3ZNicosRi3BgR7diL2f304uINIqt+O105kGFsu0RVvqJLfYvCZrlclLxAdBL362HbCH9IRcccjFo8cr9ifW+fdjWs4WW6JFHkMeU0GrBXa90mzjcK2u1pb2eZsmRNdBh3eE8giLvUHFEKSNSB9phQKFpXnHLmUKoPAdZQGpT6/hzIdiy0uwBf9nBLenADiSaJMoYg0Z+Wc0AZreMi5gvZiElA+PFWHzwbG5FDC3YIWK6jefFwcheoVT2zTR5w/1Ct4XdJeXj8V45RKUOLK65gIL5VqchNux2YahVMjA4zp3AsRMo+8= lxc_nodekey"
                    ],
                    "password": "cyberjo"
                  }
                ]
              }
            ],
            "ipv4": {
              "vmbr0": "10.0.0.94"
            },
            "ipv6": {
              "vmbr0": "fe80::be24:11ff:fe24:946b"
            },
            "memory": [
              {
                "dedicated": 1024,
                "swap": 0
              }
            ],
            "mount_point": [],
            "network_interface": [
              {
                "bridge": "vmbr0",
                "enabled": true,
                "firewall": false,
                "mac_address": "BC:24:11:24:94:6B",
                "mtu": 0,
                "name": "vmbr0",
                "rate_limit": 10,
                "vlan_id": 0
              }
            ],
            "node_name": "pmox2",
            "operating_system": [
              {
                "template_file_id": "local:vztmpl/debian-12-standard_12.2-1_amd64.tar.zst",
                "type": "debian"
              }
            ],
            "pool_id": null,
            "protection": false,
            "start_on_boot": true,
            "started": true,
            "startup": [],
            "tags": [
              "lxc",
              "terraform"
            ],
            "template": false,
            "timeout_clone": 1800,
            "timeout_create": 1800,
            "timeout_delete": 60,
            "timeout_start": 300,
            "timeout_update": 1800,
            "unprivileged": true,
            "vm_id": 241004,
            "wait_for_ip": []
          },
          "sensitive_attributes": [
            [
              {
                "type": "get_attr",
                "value": "initialization"
              },
              {
                "type": "index",
                "value": {
                  "value": 0,
                  "type": "number"
                }
              },
              {
                "type": "get_attr",
                "value": "user_account"
              },
              {
                "type": "index",
                "value": {
                  "value": 0,
                  "type": "number"
                }
              },
              {
                "type": "get_attr",
                "value": "password"
              }
            ]
          ],
          "identity_schema_version": 0,
          "private": "bnVsbA==",
          "dependencies": [
            "proxmox_virtual_environment_file.debian_template"
          ]
        },
        {
          "index_key": "db1",
          "schema_version": 0,
          "attributes": {
            "clone": [],
            "console": [],
            "cpu": [
              {
                "architecture": "amd64",
                "cores": 4,
                "units": 1024
              }
            ],
            "description": "Managed by Terraform\n",
            "device_passthrough": [],
            "disk": [
              {
                "acl": false,
                "datastore_id": "local-lvm",
                "mount_options": [],
                "quota": false,
                "replicate": false,
                "size": 40
              }
            ],
            "features": [
              {
                "fuse": false,
                "keyctl": false,
                "mount": [],
                "nesting": true
              }
            ],
            "hook_script_file_id": null,
            "id": "241005",
            "initialization": [
              {
                "dns": [
                  {
                    "domain": "techlab.local",
                    "server": "",
                    "servers": []
                  }
                ],
                "hostname": "db1",
                "ip_config": [
                  {
                    "ipv4": [
                      {
                        "address": "10.0.0.95/24",
                        "gateway": "10.0.0.1"
                      }
                    ],
                    "ipv6": []
                  }
                ],
                "user_account": [
                  {
                    "keys": [
                      "ssh-rsa AAAAB3NzaC1yc2EAAAADAQABAAABgQCnHo9jf8BR3b33okN2PCKxP2Wo96HS+6Xt8p5/Mw0meZwi/KFhgDRguFB2lrbCoaH27Z1nXdi7wXmjc5A5EyhpOgBjEoo/YF6iOjoxNjGYCjZKNE96YdM40AhC3OAldeCC82uI5H4970qFiAjTHdTbvTMBpHv0eCifUXoN6l0FDqww+o2v7IZJFdwPNxiUXT+KMxC+B3y7tJq4T3ZNicosRi3BgR7diL2f304uINIqt+O105kGFsu0RVvqJLfYvCZrlclLxAdBL362HbCH9IRcccjFo8cr9ifW+fdjWs4WW6JFHkMeU0GrBXa90mzjcK2u1pb2eZsmRNdBh3eE8giLvUHFEKSNSB9phQKFpXnHLmUKoPAdZQGpT6/hzIdiy0uwBf9nBLenADiSaJMoYg0Z+Wc0AZreMi5gvZiElA+PFWHzwbG5FDC3YIWK6jefFwcheoVT2zTR5w/1Ct4XdJeXj8V45RKUOLK65gIL5VqchNux2YahVMjA4zp3AsRMo+8= lxc_nodekey"
                    ],
                    "password": "cyberjo"
                  }
                ]
              }
            ],
            "ipv4": {
              "vmbr0": "10.0.0.95"
            },
            "ipv6": {
              "vmbr0": "fe80::be24:11ff:fec7:d08"
            },
            "memory": [
              {
                "dedicated": 1024,
                "swap": 0
              }
            ],
            "mount_point": [],
            "network_interface": [
              {
                "bridge": "vmbr0",
                "enabled": true,
                "firewall": false,
                "mac_address": "BC:24:11:C7:0D:08",
                "mtu": 0,
                "name": "vmbr0",
                "rate_limit": 10,
                "vlan_id": 0
              }
            ],
            "node_name": "pmox2",
            "operating_system": [
              {
                "template_file_id": "local:vztmpl/debian-12-standard_12.2-1_amd64.tar.zst",
                "type": "debian"
              }
            ],
            "pool_id": null,
            "protection": false,
            "start_on_boot": true,
            "started": true,
            "startup": [],
            "tags": [
              "lxc",
              "terraform"
            ],
            "template": false,
            "timeout_clone": 1800,
            "timeout_create": 1800,
            "timeout_delete": 60,
            "timeout_start": 300,
            "timeout_update": 1800,
            "unprivileged": true,
            "vm_id": 241005,
            "wait_for_ip": []
          },
          "sensitive_attributes": [
            [
              {
                "type": "get_attr",
                "value": "initialization"
              },
              {
                "type": "index",
                "value": {
                  "value": 0,
                  "type": "number"
                }
              },
              {
                "type": "get_attr",
                "value": "user_account"
              },
              {
                "type": "index",
                "value": {
                  "value": 0,
                  "type": "number"
                }
              },
              {
                "type": "get_attr",
                "value": "password"
              }
            ]
          ],
          "identity_schema_version": 0,
          "private": "bnVsbA==",
          "dependencies": [
            "proxmox_virtual_environment_file.debian_template"
          ]
        },
        {
          "index_key": "web1",
          "schema_version": 0,
          "attributes": {
            "clone": [],
            "console": [],
            "cpu": [
              {
                "architecture": "amd64",
                "cores": 2,
                "units": 1024
              }
            ],
            "description": "Managed by Terraform\n",
            "device_passthrough": [],
            "disk": [
              {
                "acl": false,
                "datastore_id": "local-lvm",
                "mount_options": [],
                "quota": false,
                "replicate": false,
                "size": 15
              }
            ],
            "features": [
              {
                "fuse": false,
                "keyctl": false,
                "mount": [],
                "nesting": true
              }
            ],
            "hook_script_file_id": null,
            "id": "241001",
            "initialization": [
              {
                "dns": [
                  {
                    "domain": "techlab.local",
                    "server": "",
                    "servers": []
                  }
                ],
                "hostname": "web1",
                "ip_config": [
                  {
                    "ipv4": [
                      {
                        "address": "10.0.0.91/24",
                        "gateway": "10.0.0.1"
                      }
                    ],
                    "ipv6": []
                  }
                ],
                "user_account": [
                  {
                    "keys": [
                      "ssh-rsa AAAAB3NzaC1yc2EAAAADAQABAAABgQCnHo9jf8BR3b33okN2PCKxP2Wo96HS+6Xt8p5/Mw0meZwi/KFhgDRguFB2lrbCoaH27Z1nXdi7wXmjc5A5EyhpOgBjEoo/YF6iOjoxNjGYCjZKNE96YdM40AhC3OAldeCC82uI5H4970qFiAjTHdTbvTMBpHv0eCifUXoN6l0FDqww+o2v7IZJFdwPNxiUXT+KMxC+B3y7tJq4T3ZNicosRi3BgR7diL2f304uINIqt+O105kGFsu0RVvqJLfYvCZrlclLxAdBL362HbCH9IRcccjFo8cr9ifW+fdjWs4WW6JFHkMeU0GrBXa90mzjcK2u1pb2eZsmRNdBh3eE8giLvUHFEKSNSB9phQKFpXnHLmUKoPAdZQGpT6/hzIdiy0uwBf9nBLenADiSaJMoYg0Z+Wc0AZreMi5gvZiElA+PFWHzwbG5FDC3YIWK6jefFwcheoVT2zTR5w/1Ct4XdJeXj8V45RKUOLK65gIL5VqchNux2YahVMjA4zp3AsRMo+8= lxc_nodekey"
                    ],
                    "password": "cyberjo"
                  }
                ]
              }
            ],
            "ipv4": {
              "vmbr0": "10.0.0.91"
            },
            "ipv6": {
              "vmbr0": "fe80::be24:11ff:fe08:e879"
            },
            "memory": [
              {
                "dedicated": 1024,
                "swap": 0
              }
            ],
            "mount_point": [],
            "network_interface": [
              {
                "bridge": "vmbr0",
                "enabled": true,
                "firewall": false,
                "mac_address": "BC:24:11:08:E8:79",
                "mtu": 0,
                "name": "vmbr0",
                "rate_limit": 10,
                "vlan_id": 0
              }
            ],
            "node_name": "pmox2",
            "operating_system": [
              {
                "template_file_id": "local:vztmpl/debian-12-standard_12.2-1_amd64.tar.zst",
                "type": "debian"
              }
            ],
            "pool_id": null,
            "protection": false,
            "start_on_boot": true,
            "started": true,
            "startup": [],
            "tags": [
              "lxc",
              "terraform"
            ],
            "template": false,
            "timeout_clone": 1800,
            "timeout_create": 1800,
            "timeout_delete": 60,
            "timeout_start": 300,
            "timeout_update": 1800,
            "unprivileged": true,
            "vm_id": 241001,
            "wait_for_ip": []
          },
          "sensitive_attributes": [
            [
              {
                "type": "get_attr",
                "value": "initialization"
              },
              {
                "type": "index",
                "value": {
                  "value": 0,
                  "type": "number"
                }
              },
              {
                "type": "get_attr",
                "value": "user_account"
              },
              {
                "type": "index",
                "value": {
                  "value": 0,
                  "type": "number"
                }
              },
              {
                "type": "get_attr",
                "value": "password"
              }
            ]
          ],
          "identity_schema_version": 0,
          "private": "bnVsbA==",
          "dependencies": [
            "proxmox_virtual_environment_file.debian_template"
          ]
        },
        {
          "index_key": "web2",
          "schema_version": 0,
          "attributes": {
            "clone": [],
            "console": [],
            "cpu": [
              {
                "architecture": "amd64",
                "cores": 2,
                "units": 1024
              }
            ],
            "description": "Managed by Terraform\n",
            "device_passthrough": [],
            "disk": [
              {
                "acl": false,
                "datastore_id": "local-lvm",
                "mount_options": [],
                "quota": false,
                "replicate": false,
                "size": 15
              }
            ],
            "features": [
              {
                "fuse": false,
                "keyctl": false,
                "mount": [],
                "nesting": true
              }
            ],
            "hook_script_file_id": null,
            "id": "241002",
            "initialization": [
              {
                "dns": [
                  {
                    "domain": "techlab.local",
                    "server": "",
                    "servers": []
                  }
                ],
                "hostname": "web2",
                "ip_config": [
                  {
                    "ipv4": [
                      {
                        "address": "10.0.0.92/24",
                        "gateway": "10.0.0.1"
                      }
                    ],
                    "ipv6": []
                  }
                ],
                "user_account": [
                  {
                    "keys": [
                      "ssh-rsa AAAAB3NzaC1yc2EAAAADAQABAAABgQCnHo9jf8BR3b33okN2PCKxP2Wo96HS+6Xt8p5/Mw0meZwi/KFhgDRguFB2lrbCoaH27Z1nXdi7wXmjc5A5EyhpOgBjEoo/YF6iOjoxNjGYCjZKNE96YdM40AhC3OAldeCC82uI5H4970qFiAjTHdTbvTMBpHv0eCifUXoN6l0FDqww+o2v7IZJFdwPNxiUXT+KMxC+B3y7tJq4T3ZNicosRi3BgR7diL2f304uINIqt+O105kGFsu0RVvqJLfYvCZrlclLxAdBL362HbCH9IRcccjFo8cr9ifW+fdjWs4WW6JFHkMeU0GrBXa90mzjcK2u1pb2eZsmRNdBh3eE8giLvUHFEKSNSB9phQKFpXnHLmUKoPAdZQGpT6/hzIdiy0uwBf9nBLenADiSaJMoYg0Z+Wc0AZreMi5gvZiElA+PFWHzwbG5FDC3YIWK6jefFwcheoVT2zTR5w/1Ct4XdJeXj8V45RKUOLK65gIL5VqchNux2YahVMjA4zp3AsRMo+8= lxc_nodekey"
                    ],
                    "password": "cyberjo"
                  }
                ]
              }
            ],
            "ipv4": {
              "vmbr0": "10.0.0.92"
            },
            "ipv6": {
              "vmbr0": "fe80::be24:11ff:feb6:61ad"
            },
            "memory": [
              {
                "dedicated": 1024,
                "swap": 0
              }
            ],
            "mount_point": [],
            "network_interface": [
              {
                "bridge": "vmbr0",
                "enabled": true,
                "firewall": false,
                "mac_address": "BC:24:11:B6:61:AD",
                "mtu": 0,
                "name": "vmbr0",
                "rate_limit": 10,
                "vlan_id": 0
              }
            ],
            "node_name": "pmox2",
            "operating_system": [
              {
                "template_file_id": "local:vztmpl/debian-12-standard_12.2-1_amd64.tar.zst",
                "type": "debian"
              }
            ],
            "pool_id": null,
            "protection": false,
            "start_on_boot": true,
            "started": true,
            "startup": [],
            "tags": [
              "lxc",
              "terraform"
            ],
            "template": false,
            "timeout_clone": 1800,
            "timeout_create": 1800,
            "timeout_delete": 60,
            "timeout_start": 300,
            "timeout_update": 1800,
            "unprivileged": true,
            "vm_id": 241002,
            "wait_for_ip": []
          },
          "sensitive_attributes": [
            [
              {
                "type": "get_attr",
                "value": "initialization"
              },
              {
                "type": "index",
                "value": {
                  "value": 0,
                  "type": "number"
                }
              },
              {
                "type": "get_attr",
                "value": "user_account"
              },
              {
                "type": "index",
                "value": {
                  "value": 0,
                  "type": "number"
                }
              },
              {
                "type": "get_attr",
                "value": "password"
              }
            ]
          ],
          "identity_schema_version": 0,
          "private": "bnVsbA==",
          "dependencies": [
            "proxmox_virtual_environment_file.debian_template"
          ]
        }
      ]
    },
    {
      "mode": "managed",
      "type": "proxmox_virtual_environment_file",
      "name": "debian_template",
      "provider": "provider[\"registry.terraform.io/bpg/proxmox\"]",
      "instances": [
        {
          "schema_version": 0,
          "attributes": {
            "content_type": "vztmpl",
            "datastore_id": "local",
            "file_mode": null,
            "file_modification_date": "2023-10-10T13:54:48Z",
            "file_name": "debian-12-standard_12.2-1_amd64.tar.zst",
            "file_size": 126129049,
            "file_tag": "652557a8-7849399",
            "id": "local:vztmpl/debian-12-standard_12.2-1_amd64.tar.zst",
            "node_name": "pmox2",
            "overwrite": true,
            "source_file": [
              {
                "changed": false,
                "checksum": "",
                "file_name": "",
                "insecure": false,
                "min_tls": "",
                "path": "http://download.proxmox.com/images/system/debian-12-standard_12.2-1_amd64.tar.zst"
              }
            ],
            "source_raw": [],
            "timeout_upload": 1800
          },
          "sensitive_attributes": [],
          "identity_schema_version": 0,
          "private": "bnVsbA=="
        }
      ]
    }
  ],
  "check_results": null
}
